{
  "name": "mini-mart",
  "lockfileVersion": 3,
  "requires": true,
  "packages": {
    "": {
      "dependencies": {
        "express-validator": "^6.15.0"
      }
    },
    "node_modules/express-validator": {
      "version": "6.15.0",
      "resolved": "https://registry.npmjs.org/express-validator/-/express-validator-6.15.0.tgz",
      "integrity": "sha512-r05VYoBL3i2pswuehoFSy+uM8NBuVaY7avp5qrYjQBDzagx2Z5A77FZqPT8/gNLF3HopWkIzaTFaC4JysWXLqg==",
      "license": "MIT",
      "dependencies": {
        "lodash": "^4.17.21",
        "validator": "^13.9.0"
      },
      "engines": {
        "node": ">= 8.0.0"
      }
    },
    "node_modules/lodash": {
      "version": "4.18.1",
      "resolved": "https://registry.npmjs.org/lodash/-/lodash-4.18.1.tgz",
      "integrity": "sha512-dMInicTPVE8d1e5otfwmmjlxkZoUpiVLwyeTdUsi/Caj/gfzzblBcCE5sRHV/AsjuCmxWrte2TNGSYuCeCq+0Q==",
      "license": "MIT"
    },
    "node_modules/validator": {
      "version": "13.15.35",
      "resolved": "https://registry.npmjs.org/validator/-/validator-13.15.35.tgz",
      "integrity": "sha512-TQ5pAGhd5whStmqWvYF4OjQROlmv9SMFVt37qoCBdqRffuuklWYQlCNnEs2ZaIBD1kZRNnikiZOS1eqgkar0iw==",
      "license": "MIT",
      "engines": {
        "node": ">= 0.10"
      }
    }
  }
}
